<?xml version="1.0" encoding="utf-8"?>
<Project ToolsVersion="4.0" xmlns="http://schemas.microsoft.com/developer/msbuild/2003">
  <ItemGroup>
    <ClCompile Include="main.cpp" />
    <ClCompile Include="vku.cpp" />
  </ItemGroup>
  <ItemGroup>
    <Filter Include="shaders">
      <UniqueIdentifier>{f234b9ea-3cef-4d5e-b021-85cab23b735b}</UniqueIdentifier>
    </Filter>
  </ItemGroup>
  <ItemGroup>
    <CustomBuild Include="shaders\shader.frag">
      <Filter>shaders</Filter>
    </CustomBuild>
    <CustomBuild Include="shaders\shader.vert">
      <Filter>shaders</Filter>
    </CustomBuild>
  </ItemGroup>
  <ItemGroup>
    <ClInclude Include="stb_image.h" />
    <ClInclude Include="vku.h" />
  </ItemGroup>
</Project>