<?xml version="1.0" encoding="utf-8"?>
<Project ToolsVersion="4.0" xmlns="http://schemas.microsoft.com/developer/msbuild/2003">
  <ItemGroup>
    <ClCompile Include="main.cpp" />
    <ClCompile Include="vku.cpp" />
    <ClCompile Include="nv_helpers_vk\BottomLevelASGenerator.cpp">
      <Filter>3rdparty\nv_helpers_vk</Filter>
    </ClCompile>
    <ClCompile Include="nv_helpers_vk\DescriptorSetGenerator.cpp">
      <Filter>3rdparty\nv_helpers_vk</Filter>
    </ClCompile>
    <ClCompile Include="nv_helpers_vk\RaytracingPipelineGenerator.cpp">
      <Filter>3rdparty\nv_helpers_vk</Filter>
    </ClCompile>
    <ClCompile Include="nv_helpers_vk\ShaderBindingTableGenerator.cpp">
      <Filter>3rdparty\nv_helpers_vk</Filter>
    </ClCompile>
    <ClCompile Include="nv_helpers_vk\TopLevelASGenerator.cpp">
      <Filter>3rdparty\nv_helpers_vk</Filter>
    </ClCompile>
    <ClCompile Include="nv_helpers_vk\VKHelpers.cpp">
      <Filter>3rdparty\nv_helpers_vk</Filter>
    </ClCompile>
  </ItemGroup>
  <ItemGroup>
    <Filter Include="shaders">
      <UniqueIdentifier>{f234b9ea-3cef-4d5e-b021-85cab23b735b}</UniqueIdentifier>
    </Filter>
    <Filter Include="3rdparty">
      <UniqueIdentifier>{6ce61cb4-6e26-404c-975c-7919527fa098}</UniqueIdentifier>
    </Filter>
  </ItemGroup>
  <ItemGroup>
    <CustomBuild Include="shaders\shader.frag">
      <Filter>shaders</Filter>
    </CustomBuild>
    <CustomBuild Include="shaders\shader.vert">
      <Filter>shaders</Filter>
    </CustomBuild>
    <Filter Include="3rdparty\nv_helpers_vk">
      <UniqueIdentifier>{17b8ec05-77a1-47c3-9bb4-991141679cbd}</UniqueIdentifier>
    </Filter>
  </ItemGroup>
  <ItemGroup>
    <ClInclude Include="vku.h" />
    <ClInclude Include="stb_image.h">
      <Filter>3rdparty</Filter>
    </ClInclude>
    <ClInclude Include="tiny_obj_loader.h">
      <Filter>3rdparty</Filter>
    </ClInclude>
    <ClInclude Include="nv_helpers_vk\BottomLevelASGenerator.h">
      <Filter>3rdparty\nv_helpers_vk</Filter>
    </ClInclude>
    <ClInclude Include="nv_helpers_vk\DescriptorSetGenerator.h">
      <Filter>3rdparty\nv_helpers_vk</Filter>
    </ClInclude>
    <ClInclude Include="nv_helpers_vk\RaytracingPipelineGenerator.h">
      <Filter>3rdparty\nv_helpers_vk</Filter>
    </ClInclude>
    <ClInclude Include="nv_helpers_vk\ShaderBindingTableGenerator.h">
      <Filter>3rdparty\nv_helpers_vk</Filter>
    </ClInclude>
    <ClInclude Include="nv_helpers_vk\TopLevelASGenerator.h">
      <Filter>3rdparty\nv_helpers_vk</Filter>
    </ClInclude>
    <ClInclude Include="nv_helpers_vk\VKHelpers.h">
      <Filter>3rdparty\nv_helpers_vk</Filter>
    </ClInclude>
  </ItemGroup>
</Project>